
Microsoft Visual Studio Solution File, Format Version 12.00
# Visual Studio 2013
VisualStudioVersion = 12.0.30501.0
MinimumVisualStudioVersion = 10.0.40219.1
Project("{8BC9CEB8-8B4A-11D0-8D11-00A0C91BC942}") = "librime", "librime\librime.vcxproj", "{6B14E590-8826-4122-AF0A-46C598FF686E}"
EndProject
Project("{8BC9CEB8-8B4A-11D0-8D11-00A0C91BC942}") = "rime-test", "rime-test\rime-test.vcxproj", "{0F479FF0-BB3C-41BE-BBDB-EB38B295EDF8}"
EndProject
Project("{8BC9CEB8-8B4A-11D0-8D11-00A0C91BC942}") = "rime_api_console", "rime_api_console\rime_api_console.vcxproj", "{C3DAE5FE-1A78-4DD0-9C8B-30A22AC72BDA}"
EndProject
Project("{8BC9CEB8-8B4A-11D0-8D11-00A0C91BC942}") = "librime-static", "librime-static\librime-static.vcxproj", "{A93D554C-23DF-413F-8651-C09BD351158C}"
EndProject
Global
	GlobalSection(SolutionConfigurationPlatforms) = preSolution
		Debug|Win32 = Debug|Win32
		Release|Win32 = Release|Win32
	EndGlobalSection
	GlobalSection(ProjectConfigurationPlatforms) = postSolution
		{6B14E590-8826-4122-AF0A-46C598FF686E}.Debug|Win32.ActiveCfg = Debug|Win32
		{6B14E590-8826-4122-AF0A-46C598FF686E}.Debug|Win32.Build.0 = Debug|Win32
		{6B14E590-8826-4122-AF0A-46C598FF686E}.Release|Win32.ActiveCfg = Release|Win32
		{6B14E590-8826-4122-AF0A-46C598FF686E}.Release|Win32.Build.0 = Release|Win32
		{0F479FF0-BB3C-41BE-BBDB-EB38B295EDF8}.Debug|Win32.ActiveCfg = Debug|Win32
		{0F479FF0-BB3C-41BE-BBDB-EB38B295EDF8}.Debug|Win32.Build.0 = Debug|Win32
		{0F479FF0-BB3C-41BE-BBDB-EB38B295EDF8}.Release|Win32.ActiveCfg = Release|Win32
		{0F479FF0-BB3C-41BE-BBDB-EB38B295EDF8}.Release|Win32.Build.0 = Release|Win32
		{C3DAE5FE-1A78-4DD0-9C8B-30A22AC72BDA}.Debug|Win32.ActiveCfg = Debug|Win32
		{C3DAE5FE-1A78-4DD0-9C8B-30A22AC72BDA}.Debug|Win32.Build.0 = Debug|Win32
		{C3DAE5FE-1A78-4DD0-9C8B-30A22AC72BDA}.Release|Win32.ActiveCfg = Release|Win32
		{C3DAE5FE-1A78-4DD0-9C8B-30A22AC72BDA}.Release|Win32.Build.0 = Release|Win32
		{A93D554C-23DF-413F-8651-C09BD351158C}.Debug|Win32.ActiveCfg = Debug|Win32
		{A93D554C-23DF-413F-8651-C09BD351158C}.Debug|Win32.Build.0 = Debug|Win32
		{A93D554C-23DF-413F-8651-C09BD351158C}.Release|Win32.ActiveCfg = Release|Win32
		{A93D554C-23DF-413F-8651-C09BD351158C}.Release|Win32.Build.0 = Release|Win32
	EndGlobalSection
	GlobalSection(SolutionProperties) = preSolution
		HideSolutionNode = FALSE
	EndGlobalSection
EndGlobal
