<?xml version="1.0" encoding="utf-8"?>
<Project ToolsVersion="4.0" xmlns="http://schemas.microsoft.com/developer/msbuild/2003">
  <ItemGroup>
    <Filter Include="Source Files">
      <UniqueIdentifier>{4FC737F1-C7A5-4376-A066-2A32D752A2FF}</UniqueIdentifier>
      <Extensions>cpp;c;cc;cxx;def;odl;idl;hpj;bat;asm;asmx</Extensions>
    </Filter>
    <Filter Include="Header Files">
      <UniqueIdentifier>{93995380-89BD-4b04-88EB-625FBE52EBFB}</UniqueIdentifier>
      <Extensions>h;hh;hpp;hxx;hm;inl;inc;xsd</Extensions>
    </Filter>
    <Filter Include="Resource Files">
      <UniqueIdentifier>{67DA6AB6-F800-4c08-8B7A-83BB121AAD01}</UniqueIdentifier>
      <Extensions>rc;ico;cur;bmp;dlg;rc2;rct;bin;rgs;gif;jpg;jpeg;jpe;resx;tiff;tif;png;wav;mfcribbon-ms</Extensions>
    </Filter>
    <Filter Include="Source Files\algo">
      <UniqueIdentifier>{f8ad4c20-bf09-45aa-ab3c-7f438c0eb88f}</UniqueIdentifier>
    </Filter>
    <Filter Include="Source Files\dict">
      <UniqueIdentifier>{e4ab9ae0-aca3-4080-82f8-59b66ba6b49b}</UniqueIdentifier>
    </Filter>
    <Filter Include="Source Files\gear">
      <UniqueIdentifier>{1968b1ba-2f77-4b56-b424-457595a6edf1}</UniqueIdentifier>
    </Filter>
    <Filter Include="Source Files\lever">
      <UniqueIdentifier>{8068ded2-42d8-45ec-991f-4477763a34a0}</UniqueIdentifier>
    </Filter>
    <Filter Include="Header Files\rime">
      <UniqueIdentifier>{629751c2-4085-40ac-a53a-ef6642c206d2}</UniqueIdentifier>
    </Filter>
    <Filter Include="Header Files\rime\algo">
      <UniqueIdentifier>{88b4c965-19fa-47ed-a627-20680493fcaa}</UniqueIdentifier>
    </Filter>
    <Filter Include="Header Files\rime\dict">
      <UniqueIdentifier>{dfe0da09-6e65-4436-9bc3-a218faa5cd9b}</UniqueIdentifier>
    </Filter>
    <Filter Include="Header Files\rime\gear">
      <UniqueIdentifier>{9e8e8504-0fd0-442b-9cf6-113cd73bd5eb}</UniqueIdentifier>
    </Filter>
    <Filter Include="Header Files\rime\lever">
      <UniqueIdentifier>{42c5d325-8ab3-42dd-baf1-4f05ac4431f3}</UniqueIdentifier>
    </Filter>
  </ItemGroup>
  <ItemGroup>
    <ClCompile Include="..\..\src\candidate.cc">
      <Filter>Source Files</Filter>
    </ClCompile>
    <ClCompile Include="..\..\src\commit_history.cc">
      <Filter>Source Files</Filter>
    </ClCompile>
    <ClCompile Include="..\..\src\composition.cc">
      <Filter>Source Files</Filter>
    </ClCompile>
    <ClCompile Include="..\..\src\config.cc">
      <Filter>Source Files</Filter>
    </ClCompile>
    <ClCompile Include="..\..\src\context.cc">
      <Filter>Source Files</Filter>
    </ClCompile>
    <ClCompile Include="..\..\src\core_module.cc">
      <Filter>Source Files</Filter>
    </ClCompile>
    <ClCompile Include="..\..\src\deployer.cc">
      <Filter>Source Files</Filter>
    </ClCompile>
    <ClCompile Include="..\..\src\engine.cc">
      <Filter>Source Files</Filter>
    </ClCompile>
    <ClCompile Include="..\..\src\key_event.cc">
      <Filter>Source Files</Filter>
    </ClCompile>
    <ClCompile Include="..\..\src\key_table.cc">
      <Filter>Source Files</Filter>
    </ClCompile>
    <ClCompile Include="..\..\src\menu.cc">
      <Filter>Source Files</Filter>
    </ClCompile>
    <ClCompile Include="..\..\src\module.cc">
      <Filter>Source Files</Filter>
    </ClCompile>
    <ClCompile Include="..\..\src\registry.cc">
      <Filter>Source Files</Filter>
    </ClCompile>
    <ClCompile Include="..\..\src\rime_api.cc">
      <Filter>Source Files</Filter>
    </ClCompile>
    <ClCompile Include="..\..\src\schema.cc">
      <Filter>Source Files</Filter>
    </ClCompile>
    <ClCompile Include="..\..\src\segmentation.cc">
      <Filter>Source Files</Filter>
    </ClCompile>
    <ClCompile Include="..\..\src\service.cc">
      <Filter>Source Files</Filter>
    </ClCompile>
    <ClCompile Include="..\..\src\setup.cc">
      <Filter>Source Files</Filter>
    </ClCompile>
    <ClCompile Include="..\..\src\signature.cc">
      <Filter>Source Files</Filter>
    </ClCompile>
    <ClCompile Include="..\..\src\switcher.cc">
      <Filter>Source Files</Filter>
    </ClCompile>
    <ClCompile Include="..\..\src\ticket.cc">
      <Filter>Source Files</Filter>
    </ClCompile>
    <ClCompile Include="..\..\src\translation.cc">
      <Filter>Source Files</Filter>
    </ClCompile>
    <ClCompile Include="..\..\src\algo\algebra.cc">
      <Filter>Source Files\algo</Filter>
    </ClCompile>
    <ClCompile Include="..\..\src\algo\calculus.cc">
      <Filter>Source Files\algo</Filter>
    </ClCompile>
    <ClCompile Include="..\..\src\algo\encoder.cc">
      <Filter>Source Files\algo</Filter>
    </ClCompile>
    <ClCompile Include="..\..\src\algo\syllabifier.cc">
      <Filter>Source Files\algo</Filter>
    </ClCompile>
    <ClCompile Include="..\..\src\algo\utilities.cc">
      <Filter>Source Files\algo</Filter>
    </ClCompile>
    <ClCompile Include="..\..\src\dict\db.cc">
      <Filter>Source Files\dict</Filter>
    </ClCompile>
    <ClCompile Include="..\..\src\dict\db_utils.cc">
      <Filter>Source Files\dict</Filter>
    </ClCompile>
    <ClCompile Include="..\..\src\dict\dict_compiler.cc">
      <Filter>Source Files\dict</Filter>
    </ClCompile>
    <ClCompile Include="..\..\src\dict\dict_module.cc">
      <Filter>Source Files\dict</Filter>
    </ClCompile>
    <ClCompile Include="..\..\src\dict\dict_settings.cc">
      <Filter>Source Files\dict</Filter>
    </ClCompile>
    <ClCompile Include="..\..\src\dict\dictionary.cc">
      <Filter>Source Files\dict</Filter>
    </ClCompile>
    <ClCompile Include="..\..\src\dict\entry_collector.cc">
      <Filter>Source Files\dict</Filter>
    </ClCompile>
    <ClCompile Include="..\..\src\dict\mapped_file.cc">
      <Filter>Source Files\dict</Filter>
    </ClCompile>
    <ClCompile Include="..\..\src\dict\preset_vocabulary.cc">
      <Filter>Source Files\dict</Filter>
    </ClCompile>
    <ClCompile Include="..\..\src\dict\prism.cc">
      <Filter>Source Files\dict</Filter>
    </ClCompile>
    <ClCompile Include="..\..\src\dict\reverse_lookup_dictionary.cc">
      <Filter>Source Files\dict</Filter>
    </ClCompile>
    <ClCompile Include="..\..\src\dict\table.cc">
      <Filter>Source Files\dict</Filter>
    </ClCompile>
    <ClCompile Include="..\..\src\dict\table_db.cc">
      <Filter>Source Files\dict</Filter>
    </ClCompile>
    <ClCompile Include="..\..\src\dict\text_db.cc">
      <Filter>Source Files\dict</Filter>
    </ClCompile>
    <ClCompile Include="..\..\src\dict\tree_db.cc">
      <Filter>Source Files\dict</Filter>
    </ClCompile>
    <ClCompile Include="..\..\src\dict\tsv.cc">
      <Filter>Source Files\dict</Filter>
    </ClCompile>
    <ClCompile Include="..\..\src\dict\user_db.cc">
      <Filter>Source Files\dict</Filter>
    </ClCompile>
    <ClCompile Include="..\..\src\dict\user_dictionary.cc">
      <Filter>Source Files\dict</Filter>
    </ClCompile>
    <ClCompile Include="..\..\src\dict\vocabulary.cc">
      <Filter>Source Files\dict</Filter>
    </ClCompile>
    <ClCompile Include="..\..\src\gear\abc_segmentor.cc">
      <Filter>Source Files\gear</Filter>
    </ClCompile>
    <ClCompile Include="..\..\src\gear\affix_segmentor.cc">
      <Filter>Source Files\gear</Filter>
    </ClCompile>
    <ClCompile Include="..\..\src\gear\ascii_composer.cc">
      <Filter>Source Files\gear</Filter>
    </ClCompile>
    <ClCompile Include="..\..\src\gear\ascii_segmentor.cc">
      <Filter>Source Files\gear</Filter>
    </ClCompile>
    <ClCompile Include="..\..\src\gear\chord_composer.cc">
      <Filter>Source Files\gear</Filter>
    </ClCompile>
    <ClCompile Include="..\..\src\gear\cjk_minifier.cc">
      <Filter>Source Files\gear</Filter>
    </ClCompile>
    <ClCompile Include="..\..\src\gear\echo_translator.cc">
      <Filter>Source Files\gear</Filter>
    </ClCompile>
    <ClCompile Include="..\..\src\gear\editor.cc">
      <Filter>Source Files\gear</Filter>
    </ClCompile>
    <ClCompile Include="..\..\src\gear\fallback_segmentor.cc">
      <Filter>Source Files\gear</Filter>
    </ClCompile>
    <ClCompile Include="..\..\src\gear\filter_commons.cc">
      <Filter>Source Files\gear</Filter>
    </ClCompile>
    <ClCompile Include="..\..\src\gear\gears_module.cc">
      <Filter>Source Files\gear</Filter>
    </ClCompile>
    <ClCompile Include="..\..\src\gear\key_binder.cc">
      <Filter>Source Files\gear</Filter>
    </ClCompile>
    <ClCompile Include="..\..\src\gear\matcher.cc">
      <Filter>Source Files\gear</Filter>
    </ClCompile>
    <ClCompile Include="..\..\src\gear\memory.cc">
      <Filter>Source Files\gear</Filter>
    </ClCompile>
    <ClCompile Include="..\..\src\gear\navigator.cc">
      <Filter>Source Files\gear</Filter>
    </ClCompile>
    <ClCompile Include="..\..\src\gear\poet.cc">
      <Filter>Source Files\gear</Filter>
    </ClCompile>
    <ClCompile Include="..\..\src\gear\punctuator.cc">
      <Filter>Source Files\gear</Filter>
    </ClCompile>
    <ClCompile Include="..\..\src\gear\recognizer.cc">
      <Filter>Source Files\gear</Filter>
    </ClCompile>
    <ClCompile Include="..\..\src\gear\reverse_lookup_filter.cc">
      <Filter>Source Files\gear</Filter>
    </ClCompile>
    <ClCompile Include="..\..\src\gear\reverse_lookup_translator.cc">
      <Filter>Source Files\gear</Filter>
    </ClCompile>
    <ClCompile Include="..\..\src\gear\schema_list_translator.cc">
      <Filter>Source Files\gear</Filter>
    </ClCompile>
    <ClCompile Include="..\..\src\gear\script_translator.cc">
      <Filter>Source Files\gear</Filter>
    </ClCompile>
    <ClCompile Include="..\..\src\gear\selector.cc">
      <Filter>Source Files\gear</Filter>
    </ClCompile>
    <ClCompile Include="..\..\src\gear\shape.cc">
      <Filter>Source Files\gear</Filter>
    </ClCompile>
    <ClCompile Include="..\..\src\gear\simplifier.cc">
      <Filter>Source Files\gear</Filter>
    </ClCompile>
    <ClCompile Include="..\..\src\gear\speller.cc">
      <Filter>Source Files\gear</Filter>
    </ClCompile>
    <ClCompile Include="..\..\src\gear\switch_translator.cc">
      <Filter>Source Files\gear</Filter>
    </ClCompile>
    <ClCompile Include="..\..\src\gear\table_translator.cc">
      <Filter>Source Files\gear</Filter>
    </ClCompile>
    <ClCompile Include="..\..\src\gear\translator_commons.cc">
      <Filter>Source Files\gear</Filter>
    </ClCompile>
    <ClCompile Include="..\..\src\gear\uniquifier.cc">
      <Filter>Source Files\gear</Filter>
    </ClCompile>
    <ClCompile Include="..\..\src\gear\unity_table_encoder.cc">
      <Filter>Source Files\gear</Filter>
    </ClCompile>
    <ClCompile Include="..\..\src\lever\custom_settings.cc">
      <Filter>Source Files\lever</Filter>
    </ClCompile>
    <ClCompile Include="..\..\src\lever\customizer.cc">
      <Filter>Source Files\lever</Filter>
    </ClCompile>
    <ClCompile Include="..\..\src\lever\deployment_tasks.cc">
      <Filter>Source Files\lever</Filter>
    </ClCompile>
    <ClCompile Include="..\..\src\lever\levers_module.cc">
      <Filter>Source Files\lever</Filter>
    </ClCompile>
    <ClCompile Include="..\..\src\lever\switcher_settings.cc">
      <Filter>Source Files\lever</Filter>
    </ClCompile>
    <ClCompile Include="..\..\src\lever\user_dict_manager.cc">
      <Filter>Source Files\lever</Filter>
    </ClCompile>
    <ClCompile Include="..\..\src\lever\userdb_recovery_task.cc">
      <Filter>Source Files\lever</Filter>
    </ClCompile>
  </ItemGroup>
  <ItemGroup>
    <ClInclude Include="..\..\include\rime_api.h">
      <Filter>Header Files</Filter>
    </ClInclude>
    <ClInclude Include="..\..\include\rime_levers_api.h">
      <Filter>Header Files</Filter>
    </ClInclude>
    <ClInclude Include="..\..\include\rime_version.h">
      <Filter>Header Files</Filter>
    </ClInclude>
    <ClInclude Include="..\..\include\rime\candidate.h">
      <Filter>Header Files\rime</Filter>
    </ClInclude>
    <ClInclude Include="..\..\include\rime\commit_history.h">
      <Filter>Header Files\rime</Filter>
    </ClInclude>
    <ClInclude Include="..\..\include\rime\common.h">
      <Filter>Header Files\rime</Filter>
    </ClInclude>
    <ClInclude Include="..\..\include\rime\component.h">
      <Filter>Header Files\rime</Filter>
    </ClInclude>
    <ClInclude Include="..\..\include\rime\composition.h">
      <Filter>Header Files\rime</Filter>
    </ClInclude>
    <ClInclude Include="..\..\include\rime\config.h">
      <Filter>Header Files\rime</Filter>
    </ClInclude>
    <ClInclude Include="..\..\include\rime\context.h">
      <Filter>Header Files\rime</Filter>
    </ClInclude>
    <ClInclude Include="..\..\include\rime\deployer.h">
      <Filter>Header Files\rime</Filter>
    </ClInclude>
    <ClInclude Include="..\..\include\rime\engine.h">
      <Filter>Header Files\rime</Filter>
    </ClInclude>
    <ClInclude Include="..\..\include\rime\filter.h">
      <Filter>Header Files\rime</Filter>
    </ClInclude>
    <ClInclude Include="..\..\include\rime\formatter.h">
      <Filter>Header Files\rime</Filter>
    </ClInclude>
    <ClInclude Include="..\..\include\rime\key_event.h">
      <Filter>Header Files\rime</Filter>
    </ClInclude>
    <ClInclude Include="..\..\include\rime\key_table.h">
      <Filter>Header Files\rime</Filter>
    </ClInclude>
    <ClInclude Include="..\..\include\rime\menu.h">
      <Filter>Header Files\rime</Filter>
    </ClInclude>
    <ClInclude Include="..\..\include\rime\messenger.h">
      <Filter>Header Files\rime</Filter>
    </ClInclude>
    <ClInclude Include="..\..\include\rime\module.h">
      <Filter>Header Files\rime</Filter>
    </ClInclude>
    <ClInclude Include="..\..\include\rime\no_logging.h">
      <Filter>Header Files\rime</Filter>
    </ClInclude>
    <ClInclude Include="..\..\include\rime\processor.h">
      <Filter>Header Files\rime</Filter>
    </ClInclude>
    <ClInclude Include="..\..\include\rime\registry.h">
      <Filter>Header Files\rime</Filter>
    </ClInclude>
    <ClInclude Include="..\..\include\rime\schema.h">
      <Filter>Header Files\rime</Filter>
    </ClInclude>
    <ClInclude Include="..\..\include\rime\segmentation.h">
      <Filter>Header Files\rime</Filter>
    </ClInclude>
    <ClInclude Include="..\..\include\rime\segmentor.h">
      <Filter>Header Files\rime</Filter>
    </ClInclude>
    <ClInclude Include="..\..\include\rime\service.h">
      <Filter>Header Files\rime</Filter>
    </ClInclude>
    <ClInclude Include="..\..\include\rime\setup.h">
      <Filter>Header Files\rime</Filter>
    </ClInclude>
    <ClInclude Include="..\..\include\rime\signature.h">
      <Filter>Header Files\rime</Filter>
    </ClInclude>
    <ClInclude Include="..\..\include\rime\switcher.h">
      <Filter>Header Files\rime</Filter>
    </ClInclude>
    <ClInclude Include="..\..\include\rime\ticket.h">
      <Filter>Header Files\rime</Filter>
    </ClInclude>
    <ClInclude Include="..\..\include\rime\translation.h">
      <Filter>Header Files\rime</Filter>
    </ClInclude>
    <ClInclude Include="..\..\include\rime\translator.h">
      <Filter>Header Files\rime</Filter>
    </ClInclude>
    <ClInclude Include="..\..\include\rime\algo\algebra.h">
      <Filter>Header Files\rime\algo</Filter>
    </ClInclude>
    <ClInclude Include="..\..\include\rime\algo\calculus.h">
      <Filter>Header Files\rime\algo</Filter>
    </ClInclude>
    <ClInclude Include="..\..\include\rime\algo\dynamics.h">
      <Filter>Header Files\rime\algo</Filter>
    </ClInclude>
    <ClInclude Include="..\..\include\rime\algo\encoder.h">
      <Filter>Header Files\rime\algo</Filter>
    </ClInclude>
    <ClInclude Include="..\..\include\rime\algo\spelling.h">
      <Filter>Header Files\rime\algo</Filter>
    </ClInclude>
    <ClInclude Include="..\..\include\rime\algo\syllabifier.h">
      <Filter>Header Files\rime\algo</Filter>
    </ClInclude>
    <ClInclude Include="..\..\include\rime\algo\utilities.h">
      <Filter>Header Files\rime\algo</Filter>
    </ClInclude>
    <ClInclude Include="..\..\include\rime\dict\db.h">
      <Filter>Header Files\rime\dict</Filter>
    </ClInclude>
    <ClInclude Include="..\..\include\rime\dict\db_utils.h">
      <Filter>Header Files\rime\dict</Filter>
    </ClInclude>
    <ClInclude Include="..\..\include\rime\dict\dict_compiler.h">
      <Filter>Header Files\rime\dict</Filter>
    </ClInclude>
    <ClInclude Include="..\..\include\rime\dict\dict_settings.h">
      <Filter>Header Files\rime\dict</Filter>
    </ClInclude>
    <ClInclude Include="..\..\include\rime\dict\dictionary.h">
      <Filter>Header Files\rime\dict</Filter>
    </ClInclude>
    <ClInclude Include="..\..\include\rime\dict\entry_collector.h">
      <Filter>Header Files\rime\dict</Filter>
    </ClInclude>
    <ClInclude Include="..\..\include\rime\dict\mapped_file.h">
      <Filter>Header Files\rime\dict</Filter>
    </ClInclude>
    <ClInclude Include="..\..\include\rime\dict\preset_vocabulary.h">
      <Filter>Header Files\rime\dict</Filter>
    </ClInclude>
    <ClInclude Include="..\..\include\rime\dict\prism.h">
      <Filter>Header Files\rime\dict</Filter>
    </ClInclude>
    <ClInclude Include="..\..\include\rime\dict\reverse_lookup_dictionary.h">
      <Filter>Header Files\rime\dict</Filter>
    </ClInclude>
    <ClInclude Include="..\..\include\rime\dict\table.h">
      <Filter>Header Files\rime\dict</Filter>
    </ClInclude>
    <ClInclude Include="..\..\include\rime\dict\table_db.h">
      <Filter>Header Files\rime\dict</Filter>
    </ClInclude>
    <ClInclude Include="..\..\include\rime\dict\text_db.h">
      <Filter>Header Files\rime\dict</Filter>
    </ClInclude>
    <ClInclude Include="..\..\include\rime\dict\tree_db.h">
      <Filter>Header Files\rime\dict</Filter>
    </ClInclude>
    <ClInclude Include="..\..\include\rime\dict\tsv.h">
      <Filter>Header Files\rime\dict</Filter>
    </ClInclude>
    <ClInclude Include="..\..\include\rime\dict\user_db.h">
      <Filter>Header Files\rime\dict</Filter>
    </ClInclude>
    <ClInclude Include="..\..\include\rime\dict\user_dictionary.h">
      <Filter>Header Files\rime\dict</Filter>
    </ClInclude>
    <ClInclude Include="..\..\include\rime\dict\vocabulary.h">
      <Filter>Header Files\rime\dict</Filter>
    </ClInclude>
    <ClInclude Include="..\..\include\rime\gear\abc_segmentor.h">
      <Filter>Header Files\rime\gear</Filter>
    </ClInclude>
    <ClInclude Include="..\..\include\rime\gear\affix_segmentor.h">
      <Filter>Header Files\rime\gear</Filter>
    </ClInclude>
    <ClInclude Include="..\..\include\rime\gear\ascii_composer.h">
      <Filter>Header Files\rime\gear</Filter>
    </ClInclude>
    <ClInclude Include="..\..\include\rime\gear\ascii_segmentor.h">
      <Filter>Header Files\rime\gear</Filter>
    </ClInclude>
    <ClInclude Include="..\..\include\rime\gear\chord_composer.h">
      <Filter>Header Files\rime\gear</Filter>
    </ClInclude>
    <ClInclude Include="..\..\include\rime\gear\cjk_minifier.h">
      <Filter>Header Files\rime\gear</Filter>
    </ClInclude>
    <ClInclude Include="..\..\include\rime\gear\echo_translator.h">
      <Filter>Header Files\rime\gear</Filter>
    </ClInclude>
    <ClInclude Include="..\..\include\rime\gear\editor.h">
      <Filter>Header Files\rime\gear</Filter>
    </ClInclude>
    <ClInclude Include="..\..\include\rime\gear\fallback_segmentor.h">
      <Filter>Header Files\rime\gear</Filter>
    </ClInclude>
    <ClInclude Include="..\..\include\rime\gear\filter_commons.h">
      <Filter>Header Files\rime\gear</Filter>
    </ClInclude>
    <ClInclude Include="..\..\include\rime\gear\key_binder.h">
      <Filter>Header Files\rime\gear</Filter>
    </ClInclude>
    <ClInclude Include="..\..\include\rime\gear\matcher.h">
      <Filter>Header Files\rime\gear</Filter>
    </ClInclude>
    <ClInclude Include="..\..\include\rime\gear\memory.h">
      <Filter>Header Files\rime\gear</Filter>
    </ClInclude>
    <ClInclude Include="..\..\include\rime\gear\navigator.h">
      <Filter>Header Files\rime\gear</Filter>
    </ClInclude>
    <ClInclude Include="..\..\include\rime\gear\poet.h">
      <Filter>Header Files\rime\gear</Filter>
    </ClInclude>
    <ClInclude Include="..\..\include\rime\gear\punctuator.h">
      <Filter>Header Files\rime\gear</Filter>
    </ClInclude>
    <ClInclude Include="..\..\include\rime\gear\recognizer.h">
      <Filter>Header Files\rime\gear</Filter>
    </ClInclude>
    <ClInclude Include="..\..\include\rime\gear\reverse_lookup_filter.h">
      <Filter>Header Files\rime\gear</Filter>
    </ClInclude>
    <ClInclude Include="..\..\include\rime\gear\reverse_lookup_translator.h">
      <Filter>Header Files\rime\gear</Filter>
    </ClInclude>
    <ClInclude Include="..\..\include\rime\gear\schema_list_translator.h">
      <Filter>Header Files\rime\gear</Filter>
    </ClInclude>
    <ClInclude Include="..\..\include\rime\gear\script_translator.h">
      <Filter>Header Files\rime\gear</Filter>
    </ClInclude>
    <ClInclude Include="..\..\include\rime\gear\selector.h">
      <Filter>Header Files\rime\gear</Filter>
    </ClInclude>
    <ClInclude Include="..\..\include\rime\gear\shape.h">
      <Filter>Header Files\rime\gear</Filter>
    </ClInclude>
    <ClInclude Include="..\..\include\rime\gear\simplifier.h">
      <Filter>Header Files\rime\gear</Filter>
    </ClInclude>
    <ClInclude Include="..\..\include\rime\gear\speller.h">
      <Filter>Header Files\rime\gear</Filter>
    </ClInclude>
    <ClInclude Include="..\..\include\rime\gear\switch_translator.h">
      <Filter>Header Files\rime\gear</Filter>
    </ClInclude>
    <ClInclude Include="..\..\include\rime\gear\table_translator.h">
      <Filter>Header Files\rime\gear</Filter>
    </ClInclude>
    <ClInclude Include="..\..\include\rime\gear\translator_commons.h">
      <Filter>Header Files\rime\gear</Filter>
    </ClInclude>
    <ClInclude Include="..\..\include\rime\gear\uniquifier.h">
      <Filter>Header Files\rime\gear</Filter>
    </ClInclude>
    <ClInclude Include="..\..\include\rime\gear\unity_table_encoder.h">
      <Filter>Header Files\rime\gear</Filter>
    </ClInclude>
    <ClInclude Include="..\..\include\rime\lever\custom_settings.h">
      <Filter>Header Files\rime\lever</Filter>
    </ClInclude>
    <ClInclude Include="..\..\include\rime\lever\customizer.h">
      <Filter>Header Files\rime\lever</Filter>
    </ClInclude>
    <ClInclude Include="..\..\include\rime\lever\deployment_tasks.h">
      <Filter>Header Files\rime\lever</Filter>
    </ClInclude>
    <ClInclude Include="..\..\include\rime\lever\switcher_settings.h">
      <Filter>Header Files\rime\lever</Filter>
    </ClInclude>
    <ClInclude Include="..\..\include\rime\lever\user_dict_manager.h">
      <Filter>Header Files\rime\lever</Filter>
    </ClInclude>
    <ClInclude Include="..\..\include\rime\lever\userdb_recovery_task.h">
      <Filter>Header Files\rime\lever</Filter>
    </ClInclude>
  </ItemGroup>
  <ItemGroup>
    <None Include="packages.config" />
  </ItemGroup>
</Project>